version = 1
revision = 1
requires-python = ">=3.9"

[[package]]
name = "ems-stat-collector"
version = "0.1.0"
source = { virtual = "." }
dependencies = [
    { name = "psycopg2" },
    { name = "pyyaml" },
    { name = "sqlalchemy" },
]

[package.metadata]
requires-dist = [
    { name = "psycopg2", extras = ["binary"], specifier = ">=2.9.10" },
    { name = "pyyaml", specifier = ">=6.0.2" },
    { name = "sqlalchemy", specifier = ">=2.0.38" },
]

[[package]]
name = "greenlet"
version = "3.1.1"
source = { registry = "https://pypi.org/simple" }
sdist = { url = "https://files.pythonhosted.org/packages/2f/ff/df5fede753cc10f6a5be0931204ea30c35fa2f2ea7a35b25bdaf4fe40e46/greenlet-3.1.1.tar.gz", hash = "sha256:4ce3ac6cdb6adf7946475d7ef31777c26d94bccc377e070a7986bd2d5c515467", size = 186022 }
wheels = [
    { url = "https://files.pythonhosted.org/packages/25/90/5234a78dc0ef6496a6eb97b67a42a8e96742a56f7dc808cb954a85390448/greenlet-3.1.1-cp310-cp310-macosx_11_0_universal2.whl", hash = "sha256:0bbae94a29c9e5c7e4a2b7f0aae5c17e8e90acbfd3bf6270eeba60c39fce3563", size = 271235 },
    { url = "https://files.pythonhosted.org/packages/7c/16/cd631fa0ab7d06ef06387135b7549fdcc77d8d859ed770a0d28e47b20972/greenlet-3.1.1-cp310-cp310-manylinux_2_17_aarch64.manylinux2014_aarch64.whl", hash = "sha256:0fde093fb93f35ca72a556cf72c92ea3ebfda3d79fc35bb19fbe685853869a83", size = 637168 },
    { url = "https://files.pythonhosted.org/packages/2f/b1/aed39043a6fec33c284a2c9abd63ce191f4f1a07319340ffc04d2ed3256f/greenlet-3.1.1-cp310-cp310-manylinux_2_17_ppc64le.manylinux2014_ppc64le.whl", hash = "sha256:36b89d13c49216cadb828db8dfa6ce86bbbc476a82d3a6c397f0efae0525bdd0", size = 648826 },
    { url = "https://files.pythonhosted.org/packages/76/25/40e0112f7f3ebe54e8e8ed91b2b9f970805143efef16d043dfc15e70f44b/greenlet-3.1.1-cp310-cp310-manylinux_2_17_s390x.manylinux2014_s390x.whl", hash = "sha256:94b6150a85e1b33b40b1464a3f9988dcc5251d6ed06842abff82e42632fac120", size = 644443 },
    { url = "https://files.pythonhosted.org/packages/fb/2f/3850b867a9af519794784a7eeed1dd5bc68ffbcc5b28cef703711025fd0a/greenlet-3.1.1-cp310-cp310-manylinux_2_17_x86_64.manylinux2014_x86_64.whl", hash = "sha256:93147c513fac16385d1036b7e5b102c7fbbdb163d556b791f0f11eada7ba65dc", size = 643295 },
    { url = "https://files.pythonhosted.org/packages/cf/69/79e4d63b9387b48939096e25115b8af7cd8a90397a304f92436bcb21f5b2/greenlet-3.1.1-cp310-cp310-manylinux_2_24_x86_64.manylinux_2_28_x86_64.whl", hash = "sha256:da7a9bff22ce038e19bf62c4dd1ec8391062878710ded0a845bcf47cc0200617", size = 599544 },
    { url = "https://files.pythonhosted.org/packages/46/1d/44dbcb0e6c323bd6f71b8c2f4233766a5faf4b8948873225d34a0b7efa71/greenlet-3.1.1-cp310-cp310-musllinux_1_1_aarch64.whl", hash = "sha256:b2795058c23988728eec1f36a4e5e4ebad22f8320c85f3587b539b9ac84128d7", size = 1125456 },
    { url = "https://files.pythonhosted.org/packages/e0/1d/a305dce121838d0278cee39d5bb268c657f10a5363ae4b726848f833f1bb/greenlet-3.1.1-cp310-cp310-musllinux_1_1_x86_64.whl", hash = "sha256:ed10eac5830befbdd0c32f83e8aa6288361597550ba669b04c48f0f9a2c843c6", size = 1149111 },
    { url = "https://files.pythonhosted.org/packages/96/28/d62835fb33fb5652f2e98d34c44ad1a0feacc8b1d3f1aecab035f51f267d/greenlet-3.1.1-cp310-cp310-win_amd64.whl", hash = "sha256:77c386de38a60d1dfb8e55b8c1101d68c79dfdd25c7095d51fec2dd800892b80", size = 298392 },
    { url = "https://files.pythonhosted.org/packages/28/62/1c2665558618553c42922ed47a4e6d6527e2fa3516a8256c2f431c5d0441/greenlet-3.1.1-cp311-cp311-macosx_11_0_universal2.whl", hash = "sha256:e4d333e558953648ca09d64f13e6d8f0523fa705f51cae3f03b5983489958c70", size = 272479 },
    { url = "https://files.pythonhosted.org/packages/76/9d/421e2d5f07285b6e4e3a676b016ca781f63cfe4a0cd8eaecf3fd6f7a71ae/greenlet-3.1.1-cp311-cp311-manylinux_2_17_aarch64.manylinux2014_aarch64.whl", hash = "sha256:09fc016b73c94e98e29af67ab7b9a879c307c6731a2c9da0db5a7d9b7edd1159", size = 640404 },
    { url = "https://files.pythonhosted.org/packages/e5/de/6e05f5c59262a584e502dd3d261bbdd2c97ab5416cc9c0b91ea38932a901/greenlet-3.1.1-cp311-cp311-manylinux_2_17_ppc64le.manylinux2014_ppc64le.whl", hash = "sha256:d5e975ca70269d66d17dd995dafc06f1b06e8cb1ec1e9ed54c1d1e4a7c4cf26e", size = 652813 },
    { url = "https://files.pythonhosted.org/packages/49/93/d5f93c84241acdea15a8fd329362c2c71c79e1a507c3f142a5d67ea435ae/greenlet-3.1.1-cp311-cp311-manylinux_2_17_s390x.manylinux2014_s390x.whl", hash = "sha256:3b2813dc3de8c1ee3f924e4d4227999285fd335d1bcc0d2be6dc3f1f6a318ec1", size = 648517 },
    { url = "https://files.pythonhosted.org/packages/15/85/72f77fc02d00470c86a5c982b8daafdf65d38aefbbe441cebff3bf7037fc/greenlet-3.1.1-cp311-cp311-manylinux_2_17_x86_64.manylinux2014_x86_64.whl", hash = "sha256:e347b3bfcf985a05e8c0b7d462ba6f15b1ee1c909e2dcad795e49e91b152c383", size = 647831 },
    { url = "https://files.pythonhosted.org/packages/f7/4b/1c9695aa24f808e156c8f4813f685d975ca73c000c2a5056c514c64980f6/greenlet-3.1.1-cp311-cp311-manylinux_2_24_x86_64.manylinux_2_28_x86_64.whl", hash = "sha256:9e8f8c9cb53cdac7ba9793c276acd90168f416b9ce36799b9b885790f8ad6c0a", size = 602413 },
    { url = "https://files.pythonhosted.org/packages/76/70/ad6e5b31ef330f03b12559d19fda2606a522d3849cde46b24f223d6d1619/greenlet-3.1.1-cp311-cp311-musllinux_1_1_aarch64.whl", hash = "sha256:62ee94988d6b4722ce0028644418d93a52429e977d742ca2ccbe1c4f4a792511", size = 1129619 },
    { url = "https://files.pythonhosted.org/packages/f4/fb/201e1b932e584066e0f0658b538e73c459b34d44b4bd4034f682423bc801/greenlet-3.1.1-cp311-cp311-musllinux_1_1_x86_64.whl", hash = "sha256:1776fd7f989fc6b8d8c8cb8da1f6b82c5814957264d1f6cf818d475ec2bf6395", size = 1155198 },
    { url = "https://files.pythonhosted.org/packages/12/da/b9ed5e310bb8b89661b80cbcd4db5a067903bbcd7fc854923f5ebb4144f0/greenlet-3.1.1-cp311-cp311-win_amd64.whl", hash = "sha256:48ca08c771c268a768087b408658e216133aecd835c0ded47ce955381105ba39", size = 298930 },
    { url = "https://files.pythonhosted.org/packages/7d/ec/bad1ac26764d26aa1353216fcbfa4670050f66d445448aafa227f8b16e80/greenlet-3.1.1-cp312-cp312-macosx_11_0_universal2.whl", hash = "sha256:4afe7ea89de619adc868e087b4d2359282058479d7cfb94970adf4b55284574d", size = 274260 },
    { url = "https://files.pythonhosted.org/packages/66/d4/c8c04958870f482459ab5956c2942c4ec35cac7fe245527f1039837c17a9/greenlet-3.1.1-cp312-cp312-manylinux_2_17_aarch64.manylinux2014_aarch64.whl", hash = "sha256:f406b22b7c9a9b4f8aa9d2ab13d6ae0ac3e85c9a809bd590ad53fed2bf70dc79", size = 649064 },
    { url = "https://files.pythonhosted.org/packages/51/41/467b12a8c7c1303d20abcca145db2be4e6cd50a951fa30af48b6ec607581/greenlet-3.1.1-cp312-cp312-manylinux_2_17_ppc64le.manylinux2014_ppc64le.whl", hash = "sha256:c3a701fe5a9695b238503ce5bbe8218e03c3bcccf7e204e455e7462d770268aa", size = 663420 },
    { url = "https://files.pythonhosted.org/packages/27/8f/2a93cd9b1e7107d5c7b3b7816eeadcac2ebcaf6d6513df9abaf0334777f6/greenlet-3.1.1-cp312-cp312-manylinux_2_17_s390x.manylinux2014_s390x.whl", hash = "sha256:2846930c65b47d70b9d178e89c7e1a69c95c1f68ea5aa0a58646b7a96df12441", size = 658035 },
    { url = "https://files.pythonhosted.org/packages/57/5c/7c6f50cb12be092e1dccb2599be5a942c3416dbcfb76efcf54b3f8be4d8d/greenlet-3.1.1-cp312-cp312-manylinux_2_17_x86_64.manylinux2014_x86_64.whl", hash = "sha256:99cfaa2110534e2cf3ba31a7abcac9d328d1d9f1b95beede58294a60348fba36", size = 660105 },
    { url = "https://files.pythonhosted.org/packages/f1/66/033e58a50fd9ec9df00a8671c74f1f3a320564c6415a4ed82a1c651654ba/greenlet-3.1.1-cp312-cp312-manylinux_2_24_x86_64.manylinux_2_28_x86_64.whl", hash = "sha256:1443279c19fca463fc33e65ef2a935a5b09bb90f978beab37729e1c3c6c25fe9", size = 613077 },
    { url = "https://files.pythonhosted.org/packages/19/c5/36384a06f748044d06bdd8776e231fadf92fc896bd12cb1c9f5a1bda9578/greenlet-3.1.1-cp312-cp312-musllinux_1_1_aarch64.whl", hash = "sha256:b7cede291382a78f7bb5f04a529cb18e068dd29e0fb27376074b6d0317bf4dd0", size = 1135975 },
    { url = "https://files.pythonhosted.org/packages/38/f9/c0a0eb61bdf808d23266ecf1d63309f0e1471f284300ce6dac0ae1231881/greenlet-3.1.1-cp312-cp312-musllinux_1_1_x86_64.whl", hash = "sha256:23f20bb60ae298d7d8656c6ec6db134bca379ecefadb0b19ce6f19d1f232a942", size = 1163955 },
    { url = "https://files.pythonhosted.org/packages/43/21/a5d9df1d21514883333fc86584c07c2b49ba7c602e670b174bd73cfc9c7f/greenlet-3.1.1-cp312-cp312-win_amd64.whl", hash = "sha256:7124e16b4c55d417577c2077be379514321916d5790fa287c9ed6f23bd2ffd01", size = 299655 },
    { url = "https://files.pythonhosted.org/packages/f3/57/0db4940cd7bb461365ca8d6fd53e68254c9dbbcc2b452e69d0d41f10a85e/greenlet-3.1.1-cp313-cp313-macosx_11_0_universal2.whl", hash = "sha256:05175c27cb459dcfc05d026c4232f9de8913ed006d42713cb8a5137bd49375f1", size = 272990 },
    { url = "https://files.pythonhosted.org/packages/1c/ec/423d113c9f74e5e402e175b157203e9102feeb7088cee844d735b28ef963/greenlet-3.1.1-cp313-cp313-manylinux_2_17_aarch64.manylinux2014_aarch64.whl", hash = "sha256:935e943ec47c4afab8965954bf49bfa639c05d4ccf9ef6e924188f762145c0ff", size = 649175 },
    { url = "https://files.pythonhosted.org/packages/a9/46/ddbd2db9ff209186b7b7c621d1432e2f21714adc988703dbdd0e65155c77/greenlet-3.1.1-cp313-cp313-manylinux_2_17_ppc64le.manylinux2014_ppc64le.whl", hash = "sha256:667a9706c970cb552ede35aee17339a18e8f2a87a51fba2ed39ceeeb1004798a", size = 663425 },
    { url = "https://files.pythonhosted.org/packages/bc/f9/9c82d6b2b04aa37e38e74f0c429aece5eeb02bab6e3b98e7db89b23d94c6/greenlet-3.1.1-cp313-cp313-manylinux_2_17_s390x.manylinux2014_s390x.whl", hash = "sha256:b8a678974d1f3aa55f6cc34dc480169d58f2e6d8958895d68845fa4ab566509e", size = 657736 },
    { url = "https://files.pythonhosted.org/packages/d9/42/b87bc2a81e3a62c3de2b0d550bf91a86939442b7ff85abb94eec3fc0e6aa/greenlet-3.1.1-cp313-cp313-manylinux_2_17_x86_64.manylinux2014_x86_64.whl", hash = "sha256:efc0f674aa41b92da8c49e0346318c6075d734994c3c4e4430b1c3f853e498e4", size = 660347 },
    { url = "https://files.pythonhosted.org/packages/37/fa/71599c3fd06336cdc3eac52e6871cfebab4d9d70674a9a9e7a482c318e99/greenlet-3.1.1-cp313-cp313-manylinux_2_24_x86_64.manylinux_2_28_x86_64.whl", hash = "sha256:0153404a4bb921f0ff1abeb5ce8a5131da56b953eda6e14b88dc6bbc04d2049e", size = 615583 },
    { url = "https://files.pythonhosted.org/packages/4e/96/e9ef85de031703ee7a4483489b40cf307f93c1824a02e903106f2ea315fe/greenlet-3.1.1-cp313-cp313-musllinux_1_1_aarch64.whl", hash = "sha256:275f72decf9932639c1c6dd1013a1bc266438eb32710016a1c742df5da6e60a1", size = 1133039 },
    { url = "https://files.pythonhosted.org/packages/87/76/b2b6362accd69f2d1889db61a18c94bc743e961e3cab344c2effaa4b4a25/greenlet-3.1.1-cp313-cp313-musllinux_1_1_x86_64.whl", hash = "sha256:c4aab7f6381f38a4b42f269057aee279ab0fc7bf2e929e3d4abfae97b682a12c", size = 1160716 },
    { url = "https://files.pythonhosted.org/packages/1f/1b/54336d876186920e185066d8c3024ad55f21d7cc3683c856127ddb7b13ce/greenlet-3.1.1-cp313-cp313-win_amd64.whl", hash = "sha256:b42703b1cf69f2aa1df7d1030b9d77d3e584a70755674d60e710f0af570f3761", size = 299490 },
    { url = "https://files.pythonhosted.org/packages/5f/17/bea55bf36990e1638a2af5ba10c1640273ef20f627962cf97107f1e5d637/greenlet-3.1.1-cp313-cp313t-manylinux_2_17_aarch64.manylinux2014_aarch64.whl", hash = "sha256:f1695e76146579f8c06c1509c7ce4dfe0706f49c6831a817ac04eebb2fd02011", size = 643731 },
    { url = "https://files.pythonhosted.org/packages/78/d2/aa3d2157f9ab742a08e0fd8f77d4699f37c22adfbfeb0c610a186b5f75e0/greenlet-3.1.1-cp313-cp313t-manylinux_2_17_ppc64le.manylinux2014_ppc64le.whl", hash = "sha256:7876452af029456b3f3549b696bb36a06db7c90747740c5302f74a9e9fa14b13", size = 649304 },
    { url = "https://files.pythonhosted.org/packages/f1/8e/d0aeffe69e53ccff5a28fa86f07ad1d2d2d6537a9506229431a2a02e2f15/greenlet-3.1.1-cp313-cp313t-manylinux_2_17_s390x.manylinux2014_s390x.whl", hash = "sha256:4ead44c85f8ab905852d3de8d86f6f8baf77109f9da589cb4fa142bd3b57b475", size = 646537 },
    { url = "https://files.pythonhosted.org/packages/05/79/e15408220bbb989469c8871062c97c6c9136770657ba779711b90870d867/greenlet-3.1.1-cp313-cp313t-manylinux_2_17_x86_64.manylinux2014_x86_64.whl", hash = "sha256:8320f64b777d00dd7ccdade271eaf0cad6636343293a25074cc5566160e4de7b", size = 642506 },
    { url = "https://files.pythonhosted.org/packages/18/87/470e01a940307796f1d25f8167b551a968540fbe0551c0ebb853cb527dd6/greenlet-3.1.1-cp313-cp313t-manylinux_2_24_x86_64.manylinux_2_28_x86_64.whl", hash = "sha256:6510bf84a6b643dabba74d3049ead221257603a253d0a9873f55f6a59a65f822", size = 602753 },
    { url = "https://files.pythonhosted.org/packages/e2/72/576815ba674eddc3c25028238f74d7b8068902b3968cbe456771b166455e/greenlet-3.1.1-cp313-cp313t-musllinux_1_1_aarch64.whl", hash = "sha256:04b013dc07c96f83134b1e99888e7a79979f1a247e2a9f59697fa14b5862ed01", size = 1122731 },
    { url = "https://files.pythonhosted.org/packages/ac/38/08cc303ddddc4b3d7c628c3039a61a3aae36c241ed01393d00c2fd663473/greenlet-3.1.1-cp313-cp313t-musllinux_1_1_x86_64.whl", hash = "sha256:411f015496fec93c1c8cd4e5238da364e1da7a124bcb293f085bf2860c32c6f6", size = 1142112 },
    { url = "https://files.pythonhosted.org/packages/8c/82/8051e82af6d6b5150aacb6789a657a8afd48f0a44d8e91cb72aaaf28553a/greenlet-3.1.1-cp39-cp39-macosx_11_0_universal2.whl", hash = "sha256:396979749bd95f018296af156201d6211240e7a23090f50a8d5d18c370084dc3", size = 270027 },
    { url = "https://files.pythonhosted.org/packages/f9/74/f66de2785880293780eebd18a2958aeea7cbe7814af1ccef634f4701f846/greenlet-3.1.1-cp39-cp39-manylinux_2_17_aarch64.manylinux2014_aarch64.whl", hash = "sha256:ca9d0ff5ad43e785350894d97e13633a66e2b50000e8a183a50a88d834752d42", size = 634822 },
    { url = "https://files.pythonhosted.org/packages/68/23/acd9ca6bc412b02b8aa755e47b16aafbe642dde0ad2f929f836e57a7949c/greenlet-3.1.1-cp39-cp39-manylinux_2_17_ppc64le.manylinux2014_ppc64le.whl", hash = "sha256:f6ff3b14f2df4c41660a7dec01045a045653998784bf8cfcb5a525bdffffbc8f", size = 646866 },
    { url = "https://files.pythonhosted.org/packages/a9/ab/562beaf8a53dc9f6b2459f200e7bc226bb07e51862a66351d8b7817e3efd/greenlet-3.1.1-cp39-cp39-manylinux_2_17_s390x.manylinux2014_s390x.whl", hash = "sha256:94ebba31df2aa506d7b14866fed00ac141a867e63143fe5bca82a8e503b36437", size = 641985 },
    { url = "https://files.pythonhosted.org/packages/03/d3/1006543621f16689f6dc75f6bcf06e3c23e044c26fe391c16c253623313e/greenlet-3.1.1-cp39-cp39-manylinux_2_17_x86_64.manylinux2014_x86_64.whl", hash = "sha256:73aaad12ac0ff500f62cebed98d8789198ea0e6f233421059fa68a5aa7220145", size = 641268 },
    { url = "https://files.pythonhosted.org/packages/2f/c1/ad71ce1b5f61f900593377b3f77b39408bce5dc96754790311b49869e146/greenlet-3.1.1-cp39-cp39-manylinux_2_24_x86_64.manylinux_2_28_x86_64.whl", hash = "sha256:63e4844797b975b9af3a3fb8f7866ff08775f5426925e1e0bbcfe7932059a12c", size = 597376 },
    { url = "https://files.pythonhosted.org/packages/f7/ff/183226685b478544d61d74804445589e069d00deb8ddef042699733950c7/greenlet-3.1.1-cp39-cp39-musllinux_1_1_aarch64.whl", hash = "sha256:7939aa3ca7d2a1593596e7ac6d59391ff30281ef280d8632fa03d81f7c5f955e", size = 1123359 },
    { url = "https://files.pythonhosted.org/packages/c0/8b/9b3b85a89c22f55f315908b94cd75ab5fed5973f7393bbef000ca8b2c5c1/greenlet-3.1.1-cp39-cp39-musllinux_1_1_x86_64.whl", hash = "sha256:d0028e725ee18175c6e422797c407874da24381ce0690d6b9396c204c7f7276e", size = 1147458 },
    { url = "https://files.pythonhosted.org/packages/b8/1c/248fadcecd1790b0ba793ff81fa2375c9ad6442f4c748bf2cc2e6563346a/greenlet-3.1.1-cp39-cp39-win32.whl", hash = "sha256:5e06afd14cbaf9e00899fae69b24a32f2196c19de08fcb9f4779dd4f004e5e7c", size = 281131 },
    { url = "https://files.pythonhosted.org/packages/ae/02/e7d0aef2354a38709b764df50b2b83608f0621493e47f47694eb80922822/greenlet-3.1.1-cp39-cp39-win_amd64.whl", hash = "sha256:3319aa75e0e0639bc15ff54ca327e8dc7a6fe404003496e3c6925cd3142e0e22", size = 298306 },
]

[[package]]
name = "psycopg2"
version = "2.9.10"
source = { registry = "https://pypi.org/simple" }
sdist = { url = "https://files.pythonhosted.org/packages/62/51/2007ea29e605957a17ac6357115d0c1a1b60c8c984951c19419b3474cdfd/psycopg2-2.9.10.tar.gz", hash = "sha256:12ec0b40b0273f95296233e8750441339298e6a572f7039da5b260e3c8b60e11", size = 385672 }
wheels = [
    { url = "https://files.pythonhosted.org/packages/0a/a9/146b6bdc0d33539a359f5e134ee6dda9173fb8121c5b96af33fa299e50c4/psycopg2-2.9.10-cp310-cp310-win32.whl", hash = "sha256:5df2b672140f95adb453af93a7d669d7a7bf0a56bcd26f1502329166f4a61716", size = 1024527 },
    { url = "https://files.pythonhosted.org/packages/47/50/c509e56f725fd2572b59b69bd964edaf064deebf1c896b2452f6b46fdfb3/psycopg2-2.9.10-cp310-cp310-win_amd64.whl", hash = "sha256:c6f7b8561225f9e711a9c47087388a97fdc948211c10a4bccbf0ba68ab7b3b5a", size = 1163735 },
    { url = "https://files.pythonhosted.org/packages/20/a2/c51ca3e667c34e7852157b665e3d49418e68182081060231d514dd823225/psycopg2-2.9.10-cp311-cp311-win32.whl", hash = "sha256:47c4f9875125344f4c2b870e41b6aad585901318068acd01de93f3677a6522c2", size = 1024538 },
    { url = "https://files.pythonhosted.org/packages/33/39/5a9a229bb5414abeb86e33b8fc8143ab0aecce5a7f698a53e31367d30caa/psycopg2-2.9.10-cp311-cp311-win_amd64.whl", hash = "sha256:0435034157049f6846e95103bd8f5a668788dd913a7c30162ca9503fdf542cb4", size = 1163736 },
    { url = "https://files.pythonhosted.org/packages/3d/16/4623fad6076448df21c1a870c93a9774ad8a7b4dd1660223b59082dd8fec/psycopg2-2.9.10-cp312-cp312-win32.whl", hash = "sha256:65a63d7ab0e067e2cdb3cf266de39663203d38d6a8ed97f5ca0cb315c73fe067", size = 1025113 },
    { url = "https://files.pythonhosted.org/packages/66/de/baed128ae0fc07460d9399d82e631ea31a1f171c0c4ae18f9808ac6759e3/psycopg2-2.9.10-cp312-cp312-win_amd64.whl", hash = "sha256:4a579d6243da40a7b3182e0430493dbd55950c493d8c68f4eec0b302f6bbf20e", size = 1163951 },
    { url = "https://files.pythonhosted.org/packages/ae/49/a6cfc94a9c483b1fa401fbcb23aca7892f60c7269c5ffa2ac408364f80dc/psycopg2-2.9.10-cp313-cp313-win_amd64.whl", hash = "sha256:91fd603a2155da8d0cfcdbf8ab24a2d54bca72795b90d2a3ed2b6da8d979dee2", size = 2569060 },
    { url = "https://files.pythonhosted.org/packages/5f/29/bc9639b9c50abd93a8274fd2deffbf70b2a65aa9e7881e63ea6bc4319e84/psycopg2-2.9.10-cp39-cp39-win32.whl", hash = "sha256:9d5b3b94b79a844a986d029eee38998232451119ad653aea42bb9220a8c5066b", size = 1025259 },
    { url = "https://files.pythonhosted.org/packages/2c/f8/0be7d99d24656b689d83ac167240c3527efb0b161d814fb1dd58329ddf75/psycopg2-2.9.10-cp39-cp39-win_amd64.whl", hash = "sha256:88138c8dedcbfa96408023ea2b0c369eda40fe5d75002c0964c78f46f11fa442", size = 1163878 },
]

[[package]]
name = "pyyaml"
version = "6.0.2"
source = { registry = "https://pypi.org/simple" }
sdist = { url = "https://files.pythonhosted.org/packages/54/ed/79a089b6be93607fa5cdaedf301d7dfb23af5f25c398d5ead2525b063e17/pyyaml-6.0.2.tar.gz", hash = "sha256:d584d9ec91ad65861cc08d42e834324ef890a082e591037abe114850ff7bbc3e", size = 130631 }
wheels = [
    { url = "https://files.pythonhosted.org/packages/9b/95/a3fac87cb7158e231b5a6012e438c647e1a87f09f8e0d123acec8ab8bf71/PyYAML-6.0.2-cp310-cp310-macosx_10_9_x86_64.whl", hash = "sha256:0a9a2848a5b7feac301353437eb7d5957887edbf81d56e903999a75a3d743086", size = 184199 },
    { url = "https://files.pythonhosted.org/packages/c7/7a/68bd47624dab8fd4afbfd3c48e3b79efe09098ae941de5b58abcbadff5cb/PyYAML-6.0.2-cp310-cp310-macosx_11_0_arm64.whl", hash = "sha256:29717114e51c84ddfba879543fb232a6ed60086602313ca38cce623c1d62cfbf", size = 171758 },
    { url = "https://files.pythonhosted.org/packages/49/ee/14c54df452143b9ee9f0f29074d7ca5516a36edb0b4cc40c3f280131656f/PyYAML-6.0.2-cp310-cp310-manylinux_2_17_aarch64.manylinux2014_aarch64.whl", hash = "sha256:8824b5a04a04a047e72eea5cec3bc266db09e35de6bdfe34c9436ac5ee27d237", size = 718463 },
    { url = "https://files.pythonhosted.org/packages/4d/61/de363a97476e766574650d742205be468921a7b532aa2499fcd886b62530/PyYAML-6.0.2-cp310-cp310-manylinux_2_17_s390x.manylinux2014_s390x.whl", hash = "sha256:7c36280e6fb8385e520936c3cb3b8042851904eba0e58d277dca80a5cfed590b", size = 719280 },
    { url = "https://files.pythonhosted.org/packages/6b/4e/1523cb902fd98355e2e9ea5e5eb237cbc5f3ad5f3075fa65087aa0ecb669/PyYAML-6.0.2-cp310-cp310-manylinux_2_17_x86_64.manylinux2014_x86_64.whl", hash = "sha256:ec031d5d2feb36d1d1a24380e4db6d43695f3748343d99434e6f5f9156aaa2ed", size = 751239 },
    { url = "https://files.pythonhosted.org/packages/b7/33/5504b3a9a4464893c32f118a9cc045190a91637b119a9c881da1cf6b7a72/PyYAML-6.0.2-cp310-cp310-musllinux_1_1_aarch64.whl", hash = "sha256:936d68689298c36b53b29f23c6dbb74de12b4ac12ca6cfe0e047bedceea56180", size = 695802 },
    { url = "https://files.pythonhosted.org/packages/5c/20/8347dcabd41ef3a3cdc4f7b7a2aff3d06598c8779faa189cdbf878b626a4/PyYAML-6.0.2-cp310-cp310-musllinux_1_1_x86_64.whl", hash = "sha256:23502f431948090f597378482b4812b0caae32c22213aecf3b55325e049a6c68", size = 720527 },
    { url = "https://files.pythonhosted.org/packages/be/aa/5afe99233fb360d0ff37377145a949ae258aaab831bde4792b32650a4378/PyYAML-6.0.2-cp310-cp310-win32.whl", hash = "sha256:2e99c6826ffa974fe6e27cdb5ed0021786b03fc98e5ee3c5bfe1fd5015f42b99", size = 144052 },
    { url = "https://files.pythonhosted.org/packages/b5/84/0fa4b06f6d6c958d207620fc60005e241ecedceee58931bb20138e1e5776/PyYAML-6.0.2-cp310-cp310-win_amd64.whl", hash = "sha256:a4d3091415f010369ae4ed1fc6b79def9416358877534caf6a0fdd2146c87a3e", size = 161774 },
    { url = "https://files.pythonhosted.org/packages/f8/aa/7af4e81f7acba21a4c6be026da38fd2b872ca46226673c89a758ebdc4fd2/PyYAML-6.0.2-cp311-cp311-macosx_10_9_x86_64.whl", hash = "sha256:cc1c1159b3d456576af7a3e4d1ba7e6924cb39de8f67111c735f6fc832082774", size = 184612 },
    { url = "https://files.pythonhosted.org/packages/8b/62/b9faa998fd185f65c1371643678e4d58254add437edb764a08c5a98fb986/PyYAML-6.0.2-cp311-cp311-macosx_11_0_arm64.whl", hash = "sha256:1e2120ef853f59c7419231f3bf4e7021f1b936f6ebd222406c3b60212205d2ee", size = 172040 },
    { url = "https://files.pythonhosted.org/packages/ad/0c/c804f5f922a9a6563bab712d8dcc70251e8af811fce4524d57c2c0fd49a4/PyYAML-6.0.2-cp311-cp311-manylinux_2_17_aarch64.manylinux2014_aarch64.whl", hash = "sha256:5d225db5a45f21e78dd9358e58a98702a0302f2659a3c6cd320564b75b86f47c", size = 736829 },
    { url = "https://files.pythonhosted.org/packages/51/16/6af8d6a6b210c8e54f1406a6b9481febf9c64a3109c541567e35a49aa2e7/PyYAML-6.0.2-cp311-cp311-manylinux_2_17_s390x.manylinux2014_s390x.whl", hash = "sha256:5ac9328ec4831237bec75defaf839f7d4564be1e6b25ac710bd1a96321cc8317", size = 764167 },
    { url = "https://files.pythonhosted.org/packages/75/e4/2c27590dfc9992f73aabbeb9241ae20220bd9452df27483b6e56d3975cc5/PyYAML-6.0.2-cp311-cp311-manylinux_2_17_x86_64.manylinux2014_x86_64.whl", hash = "sha256:3ad2a3decf9aaba3d29c8f537ac4b243e36bef957511b4766cb0057d32b0be85", size = 762952 },
    { url = "https://files.pythonhosted.org/packages/9b/97/ecc1abf4a823f5ac61941a9c00fe501b02ac3ab0e373c3857f7d4b83e2b6/PyYAML-6.0.2-cp311-cp311-musllinux_1_1_aarch64.whl", hash = "sha256:ff3824dc5261f50c9b0dfb3be22b4567a6f938ccce4587b38952d85fd9e9afe4", size = 735301 },
    { url = "https://files.pythonhosted.org/packages/45/73/0f49dacd6e82c9430e46f4a027baa4ca205e8b0a9dce1397f44edc23559d/PyYAML-6.0.2-cp311-cp311-musllinux_1_1_x86_64.whl", hash = "sha256:797b4f722ffa07cc8d62053e4cff1486fa6dc094105d13fea7b1de7d8bf71c9e", size = 756638 },
    { url = "https://files.pythonhosted.org/packages/22/5f/956f0f9fc65223a58fbc14459bf34b4cc48dec52e00535c79b8db361aabd/PyYAML-6.0.2-cp311-cp311-win32.whl", hash = "sha256:11d8f3dd2b9c1207dcaf2ee0bbbfd5991f571186ec9cc78427ba5bd32afae4b5", size = 143850 },
    { url = "https://files.pythonhosted.org/packages/ed/23/8da0bbe2ab9dcdd11f4f4557ccaf95c10b9811b13ecced089d43ce59c3c8/PyYAML-6.0.2-cp311-cp311-win_amd64.whl", hash = "sha256:e10ce637b18caea04431ce14fabcf5c64a1c61ec9c56b071a4b7ca131ca52d44", size = 161980 },
    { url = "https://files.pythonhosted.org/packages/86/0c/c581167fc46d6d6d7ddcfb8c843a4de25bdd27e4466938109ca68492292c/PyYAML-6.0.2-cp312-cp312-macosx_10_9_x86_64.whl", hash = "sha256:c70c95198c015b85feafc136515252a261a84561b7b1d51e3384e0655ddf25ab", size = 183873 },
    { url = "https://files.pythonhosted.org/packages/a8/0c/38374f5bb272c051e2a69281d71cba6fdb983413e6758b84482905e29a5d/PyYAML-6.0.2-cp312-cp312-macosx_11_0_arm64.whl", hash = "sha256:ce826d6ef20b1bc864f0a68340c8b3287705cae2f8b4b1d932177dcc76721725", size = 173302 },
    { url = "https://files.pythonhosted.org/packages/c3/93/9916574aa8c00aa06bbac729972eb1071d002b8e158bd0e83a3b9a20a1f7/PyYAML-6.0.2-cp312-cp312-manylinux_2_17_aarch64.manylinux2014_aarch64.whl", hash = "sha256:1f71ea527786de97d1a0cc0eacd1defc0985dcf6b3f17bb77dcfc8c34bec4dc5", size = 739154 },
    { url = "https://files.pythonhosted.org/packages/95/0f/b8938f1cbd09739c6da569d172531567dbcc9789e0029aa070856f123984/PyYAML-6.0.2-cp312-cp312-manylinux_2_17_s390x.manylinux2014_s390x.whl", hash = "sha256:9b22676e8097e9e22e36d6b7bda33190d0d400f345f23d4065d48f4ca7ae0425", size = 766223 },
    { url = "https://files.pythonhosted.org/packages/b9/2b/614b4752f2e127db5cc206abc23a8c19678e92b23c3db30fc86ab731d3bd/PyYAML-6.0.2-cp312-cp312-manylinux_2_17_x86_64.manylinux2014_x86_64.whl", hash = "sha256:80bab7bfc629882493af4aa31a4cfa43a4c57c83813253626916b8c7ada83476", size = 767542 },
    { url = "https://files.pythonhosted.org/packages/d4/00/dd137d5bcc7efea1836d6264f049359861cf548469d18da90cd8216cf05f/PyYAML-6.0.2-cp312-cp312-musllinux_1_1_aarch64.whl", hash = "sha256:0833f8694549e586547b576dcfaba4a6b55b9e96098b36cdc7ebefe667dfed48", size = 731164 },
    { url = "https://files.pythonhosted.org/packages/c9/1f/4f998c900485e5c0ef43838363ba4a9723ac0ad73a9dc42068b12aaba4e4/PyYAML-6.0.2-cp312-cp312-musllinux_1_1_x86_64.whl", hash = "sha256:8b9c7197f7cb2738065c481a0461e50ad02f18c78cd75775628afb4d7137fb3b", size = 756611 },
    { url = "https://files.pythonhosted.org/packages/df/d1/f5a275fdb252768b7a11ec63585bc38d0e87c9e05668a139fea92b80634c/PyYAML-6.0.2-cp312-cp312-win32.whl", hash = "sha256:ef6107725bd54b262d6dedcc2af448a266975032bc85ef0172c5f059da6325b4", size = 140591 },
    { url = "https://files.pythonhosted.org/packages/0c/e8/4f648c598b17c3d06e8753d7d13d57542b30d56e6c2dedf9c331ae56312e/PyYAML-6.0.2-cp312-cp312-win_amd64.whl", hash = "sha256:7e7401d0de89a9a855c839bc697c079a4af81cf878373abd7dc625847d25cbd8", size = 156338 },
    { url = "https://files.pythonhosted.org/packages/ef/e3/3af305b830494fa85d95f6d95ef7fa73f2ee1cc8ef5b495c7c3269fb835f/PyYAML-6.0.2-cp313-cp313-macosx_10_13_x86_64.whl", hash = "sha256:efdca5630322a10774e8e98e1af481aad470dd62c3170801852d752aa7a783ba", size = 181309 },
    { url = "https://files.pythonhosted.org/packages/45/9f/3b1c20a0b7a3200524eb0076cc027a970d320bd3a6592873c85c92a08731/PyYAML-6.0.2-cp313-cp313-macosx_11_0_arm64.whl", hash = "sha256:50187695423ffe49e2deacb8cd10510bc361faac997de9efef88badc3bb9e2d1", size = 171679 },
    { url = "https://files.pythonhosted.org/packages/7c/9a/337322f27005c33bcb656c655fa78325b730324c78620e8328ae28b64d0c/PyYAML-6.0.2-cp313-cp313-manylinux_2_17_aarch64.manylinux2014_aarch64.whl", hash = "sha256:0ffe8360bab4910ef1b9e87fb812d8bc0a308b0d0eef8c8f44e0254ab3b07133", size = 733428 },
    { url = "https://files.pythonhosted.org/packages/a3/69/864fbe19e6c18ea3cc196cbe5d392175b4cf3d5d0ac1403ec3f2d237ebb5/PyYAML-6.0.2-cp313-cp313-manylinux_2_17_s390x.manylinux2014_s390x.whl", hash = "sha256:17e311b6c678207928d649faa7cb0d7b4c26a0ba73d41e99c4fff6b6c3276484", size = 763361 },
    { url = "https://files.pythonhosted.org/packages/04/24/b7721e4845c2f162d26f50521b825fb061bc0a5afcf9a386840f23ea19fa/PyYAML-6.0.2-cp313-cp313-manylinux_2_17_x86_64.manylinux2014_x86_64.whl", hash = "sha256:70b189594dbe54f75ab3a1acec5f1e3faa7e8cf2f1e08d9b561cb41b845f69d5", size = 759523 },
    { url = "https://files.pythonhosted.org/packages/2b/b2/e3234f59ba06559c6ff63c4e10baea10e5e7df868092bf9ab40e5b9c56b6/PyYAML-6.0.2-cp313-cp313-musllinux_1_1_aarch64.whl", hash = "sha256:41e4e3953a79407c794916fa277a82531dd93aad34e29c2a514c2c0c5fe971cc", size = 726660 },
    { url = "https://files.pythonhosted.org/packages/fe/0f/25911a9f080464c59fab9027482f822b86bf0608957a5fcc6eaac85aa515/PyYAML-6.0.2-cp313-cp313-musllinux_1_1_x86_64.whl", hash = "sha256:68ccc6023a3400877818152ad9a1033e3db8625d899c72eacb5a668902e4d652", size = 751597 },
    { url = "https://files.pythonhosted.org/packages/14/0d/e2c3b43bbce3cf6bd97c840b46088a3031085179e596d4929729d8d68270/PyYAML-6.0.2-cp313-cp313-win32.whl", hash = "sha256:bc2fa7c6b47d6bc618dd7fb02ef6fdedb1090ec036abab80d4681424b84c1183", size = 140527 },
    { url = "https://files.pythonhosted.org/packages/fa/de/02b54f42487e3d3c6efb3f89428677074ca7bf43aae402517bc7cca949f3/PyYAML-6.0.2-cp313-cp313-win_amd64.whl", hash = "sha256:8388ee1976c416731879ac16da0aff3f63b286ffdd57cdeb95f3f2e085687563", size = 156446 },
    { url = "https://files.pythonhosted.org/packages/65/d8/b7a1db13636d7fb7d4ff431593c510c8b8fca920ade06ca8ef20015493c5/PyYAML-6.0.2-cp39-cp39-macosx_10_9_x86_64.whl", hash = "sha256:688ba32a1cffef67fd2e9398a2efebaea461578b0923624778664cc1c914db5d", size = 184777 },
    { url = "https://files.pythonhosted.org/packages/0a/02/6ec546cd45143fdf9840b2c6be8d875116a64076218b61d68e12548e5839/PyYAML-6.0.2-cp39-cp39-macosx_11_0_arm64.whl", hash = "sha256:a8786accb172bd8afb8be14490a16625cbc387036876ab6ba70912730faf8e1f", size = 172318 },
    { url = "https://files.pythonhosted.org/packages/0e/9a/8cc68be846c972bda34f6c2a93abb644fb2476f4dcc924d52175786932c9/PyYAML-6.0.2-cp39-cp39-manylinux_2_17_aarch64.manylinux2014_aarch64.whl", hash = "sha256:d8e03406cac8513435335dbab54c0d385e4a49e4945d2909a581c83647ca0290", size = 720891 },
    { url = "https://files.pythonhosted.org/packages/e9/6c/6e1b7f40181bc4805e2e07f4abc10a88ce4648e7e95ff1abe4ae4014a9b2/PyYAML-6.0.2-cp39-cp39-manylinux_2_17_s390x.manylinux2014_s390x.whl", hash = "sha256:f753120cb8181e736c57ef7636e83f31b9c0d1722c516f7e86cf15b7aa57ff12", size = 722614 },
    { url = "https://files.pythonhosted.org/packages/3d/32/e7bd8535d22ea2874cef6a81021ba019474ace0d13a4819c2a4bce79bd6a/PyYAML-6.0.2-cp39-cp39-manylinux_2_17_x86_64.manylinux2014_x86_64.whl", hash = "sha256:3b1fdb9dc17f5a7677423d508ab4f243a726dea51fa5e70992e59a7411c89d19", size = 737360 },
    { url = "https://files.pythonhosted.org/packages/d7/12/7322c1e30b9be969670b672573d45479edef72c9a0deac3bb2868f5d7469/PyYAML-6.0.2-cp39-cp39-musllinux_1_1_aarch64.whl", hash = "sha256:0b69e4ce7a131fe56b7e4d770c67429700908fc0752af059838b1cfb41960e4e", size = 699006 },
    { url = "https://files.pythonhosted.org/packages/82/72/04fcad41ca56491995076630c3ec1e834be241664c0c09a64c9a2589b507/PyYAML-6.0.2-cp39-cp39-musllinux_1_1_x86_64.whl", hash = "sha256:a9f8c2e67970f13b16084e04f134610fd1d374bf477b17ec1599185cf611d725", size = 723577 },
    { url = "https://files.pythonhosted.org/packages/ed/5e/46168b1f2757f1fcd442bc3029cd8767d88a98c9c05770d8b420948743bb/PyYAML-6.0.2-cp39-cp39-win32.whl", hash = "sha256:6395c297d42274772abc367baaa79683958044e5d3835486c16da75d2a694631", size = 144593 },
    { url = "https://files.pythonhosted.org/packages/19/87/5124b1c1f2412bb95c59ec481eaf936cd32f0fe2a7b16b97b81c4c017a6a/PyYAML-6.0.2-cp39-cp39-win_amd64.whl", hash = "sha256:39693e1f8320ae4f43943590b49779ffb98acb81f788220ea932a6b6c51004d8", size = 162312 },
]

[[package]]
name = "sqlalchemy"
version = "2.0.38"
source = { registry = "https://pypi.org/simple" }
dependencies = [
    { name = "greenlet", marker = "(python_full_version < '3.14' and platform_machine == 'AMD64') or (python_full_version < '3.14' and platform_machine == 'WIN32') or (python_full_version < '3.14' and platform_machine == 'aarch64') or (python_full_version < '3.14' and platform_machine == 'amd64') or (python_full_version < '3.14' and platform_machine == 'ppc64le') or (python_full_version < '3.14' and platform_machine == 'win32') or (python_full_version < '3.14' and platform_machine == 'x86_64')" },
    { name = "typing-extensions" },
]
sdist = { url = "https://files.pythonhosted.org/packages/e4/08/9a90962ea72acd532bda71249a626344d855c4032603924b1b547694b837/sqlalchemy-2.0.38.tar.gz", hash = "sha256:e5a4d82bdb4bf1ac1285a68eab02d253ab73355d9f0fe725a97e1e0fa689decb", size = 9634782 }
wheels = [
    { url = "https://files.pythonhosted.org/packages/78/10/16ed1503e18c0ec4e17a1819ff44604368607eed3db1e1d89d33269fe5b9/SQLAlchemy-2.0.38-cp310-cp310-macosx_10_9_x86_64.whl", hash = "sha256:5e1d9e429028ce04f187a9f522818386c8b076723cdbe9345708384f49ebcec6", size = 2105151 },
    { url = "https://files.pythonhosted.org/packages/79/e5/2e9a0807cba2e625204d04bc39a18a47478e4bacae353ae8a7f2e784c341/SQLAlchemy-2.0.38-cp310-cp310-macosx_11_0_arm64.whl", hash = "sha256:b87a90f14c68c925817423b0424381f0e16d80fc9a1a1046ef202ab25b19a444", size = 2096335 },
    { url = "https://files.pythonhosted.org/packages/c1/97/8fa5cc6ed994eab611dcf0bc431161308f297c6f896f02a3ebb8d8aa06ea/SQLAlchemy-2.0.38-cp310-cp310-manylinux_2_17_aarch64.manylinux2014_aarch64.whl", hash = "sha256:402c2316d95ed90d3d3c25ad0390afa52f4d2c56b348f212aa9c8d072a40eee5", size = 3078705 },
    { url = "https://files.pythonhosted.org/packages/a9/99/505feb8a9bc7027addaa2b312b8b306319cacbbd8a5231c4123ca1fa082a/SQLAlchemy-2.0.38-cp310-cp310-manylinux_2_17_x86_64.manylinux2014_x86_64.whl", hash = "sha256:6493bc0eacdbb2c0f0d260d8988e943fee06089cd239bd7f3d0c45d1657a70e2", size = 3086958 },
    { url = "https://files.pythonhosted.org/packages/39/26/fb7cef8198bb2627ac527b2cf6c576588db09856d634d4f1017280f8ab64/SQLAlchemy-2.0.38-cp310-cp310-musllinux_1_2_aarch64.whl", hash = "sha256:0561832b04c6071bac3aad45b0d3bb6d2c4f46a8409f0a7a9c9fa6673b41bc03", size = 3042798 },
    { url = "https://files.pythonhosted.org/packages/cc/7c/b6f9e0ee4e8e993fdce42477f9290b2b8373e672fb1dc0272179f0aeafb4/SQLAlchemy-2.0.38-cp310-cp310-musllinux_1_2_x86_64.whl", hash = "sha256:49aa2cdd1e88adb1617c672a09bf4ebf2f05c9448c6dbeba096a3aeeb9d4d443", size = 3068318 },
    { url = "https://files.pythonhosted.org/packages/e6/22/903497e8202960c4249ffc340ec8de63f7fbdd4856bdfe854f617e124e90/SQLAlchemy-2.0.38-cp310-cp310-win32.whl", hash = "sha256:64aa8934200e222f72fcfd82ee71c0130a9c07d5725af6fe6e919017d095b297", size = 2077434 },
    { url = "https://files.pythonhosted.org/packages/20/a8/08f6ceccff5e0abb4a22e2e91c44b0e39911fda06b5d0c905dfc642de57a/SQLAlchemy-2.0.38-cp310-cp310-win_amd64.whl", hash = "sha256:c57b8e0841f3fce7b703530ed70c7c36269c6d180ea2e02e36b34cb7288c50c7", size = 2101608 },
    { url = "https://files.pythonhosted.org/packages/00/6c/9d3a638f297fce288ba12a4e5dbd08ef1841d119abee9300c100eba00217/SQLAlchemy-2.0.38-cp311-cp311-macosx_10_9_x86_64.whl", hash = "sha256:bf89e0e4a30714b357f5d46b6f20e0099d38b30d45fa68ea48589faf5f12f62d", size = 2106330 },
    { url = "https://files.pythonhosted.org/packages/0e/57/d5fdee56f418491267701965795805662b1744de40915d4764451390536d/SQLAlchemy-2.0.38-cp311-cp311-macosx_11_0_arm64.whl", hash = "sha256:8455aa60da49cb112df62b4721bd8ad3654a3a02b9452c783e651637a1f21fa2", size = 2096730 },
    { url = "https://files.pythonhosted.org/packages/42/84/205f423f8b28329c47237b7e130a7f93c234a49fab20b4534bd1ff26a06a/SQLAlchemy-2.0.38-cp311-cp311-manylinux_2_17_aarch64.manylinux2014_aarch64.whl", hash = "sha256:f53c0d6a859b2db58332e0e6a921582a02c1677cc93d4cbb36fdf49709b327b2", size = 3215023 },
    { url = "https://files.pythonhosted.org/packages/77/41/94a558d47bffae5a361b0cfb3721324ea4154829dd5432f80bd4cfeecbc9/SQLAlchemy-2.0.38-cp311-cp311-manylinux_2_17_x86_64.manylinux2014_x86_64.whl", hash = "sha256:b3c4817dff8cef5697f5afe5fec6bc1783994d55a68391be24cb7d80d2dbc3a6", size = 3214991 },
    { url = "https://files.pythonhosted.org/packages/74/a0/cc3c030e7440bd17ce67c1875f50edb41d0ef17b9c76fbc290ef27bbe37f/SQLAlchemy-2.0.38-cp311-cp311-musllinux_1_2_aarch64.whl", hash = "sha256:c9cea5b756173bb86e2235f2f871b406a9b9d722417ae31e5391ccaef5348f2c", size = 3151854 },
    { url = "https://files.pythonhosted.org/packages/24/ab/8ba2588c2eb1d092944551354d775ef4fc0250badede324d786a4395d10e/SQLAlchemy-2.0.38-cp311-cp311-musllinux_1_2_x86_64.whl", hash = "sha256:40e9cdbd18c1f84631312b64993f7d755d85a3930252f6276a77432a2b25a2f3", size = 3172158 },
    { url = "https://files.pythonhosted.org/packages/e0/73/2a3d6217e8e6abb553ed410ce5adc0bdec7effd684716f0fbaee5831d677/SQLAlchemy-2.0.38-cp311-cp311-win32.whl", hash = "sha256:cb39ed598aaf102251483f3e4675c5dd6b289c8142210ef76ba24aae0a8f8aba", size = 2076965 },
    { url = "https://files.pythonhosted.org/packages/a4/17/364a99c8c5698492c7fa40fc463bf388f05b0b03b74028828b71a79dc89d/SQLAlchemy-2.0.38-cp311-cp311-win_amd64.whl", hash = "sha256:f9d57f1b3061b3e21476b0ad5f0397b112b94ace21d1f439f2db472e568178ae", size = 2102169 },
    { url = "https://files.pythonhosted.org/packages/5a/f8/6d0424af1442c989b655a7b5f608bc2ae5e4f94cdf6df9f6054f629dc587/SQLAlchemy-2.0.38-cp312-cp312-macosx_10_13_x86_64.whl", hash = "sha256:12d5b06a1f3aeccf295a5843c86835033797fea292c60e72b07bcb5d820e6dd3", size = 2104927 },
    { url = "https://files.pythonhosted.org/packages/25/80/fc06e65fca0a19533e2bfab633a5633ed8b6ee0b9c8d580acf84609ce4da/SQLAlchemy-2.0.38-cp312-cp312-macosx_11_0_arm64.whl", hash = "sha256:e036549ad14f2b414c725349cce0772ea34a7ab008e9cd67f9084e4f371d1f32", size = 2095317 },
    { url = "https://files.pythonhosted.org/packages/98/2d/5d66605f76b8e344813237dc160a01f03b987201e974b46056a7fb94a874/SQLAlchemy-2.0.38-cp312-cp312-manylinux_2_17_aarch64.manylinux2014_aarch64.whl", hash = "sha256:ee3bee874cb1fadee2ff2b79fc9fc808aa638670f28b2145074538d4a6a5028e", size = 3244735 },
    { url = "https://files.pythonhosted.org/packages/73/8d/b0539e8dce90861efc38fea3eefb15a5d0cfeacf818614762e77a9f192f9/SQLAlchemy-2.0.38-cp312-cp312-manylinux_2_17_x86_64.manylinux2014_x86_64.whl", hash = "sha256:e185ea07a99ce8b8edfc788c586c538c4b1351007e614ceb708fd01b095ef33e", size = 3255581 },
    { url = "https://files.pythonhosted.org/packages/ac/a5/94e1e44bf5bdffd1782807fcc072542b110b950f0be53f49e68b5f5eca1b/SQLAlchemy-2.0.38-cp312-cp312-musllinux_1_2_aarch64.whl", hash = "sha256:b79ee64d01d05a5476d5cceb3c27b5535e6bb84ee0f872ba60d9a8cd4d0e6579", size = 3190877 },
    { url = "https://files.pythonhosted.org/packages/91/13/f08b09996dce945aec029c64f61c13b4788541ac588d9288e31e0d3d8850/SQLAlchemy-2.0.38-cp312-cp312-musllinux_1_2_x86_64.whl", hash = "sha256:afd776cf1ebfc7f9aa42a09cf19feadb40a26366802d86c1fba080d8e5e74bdd", size = 3217485 },
    { url = "https://files.pythonhosted.org/packages/13/8f/8cfe2ba5ba6d8090f4de0e658330c53be6b7bf430a8df1b141c2b180dcdf/SQLAlchemy-2.0.38-cp312-cp312-win32.whl", hash = "sha256:a5645cd45f56895cfe3ca3459aed9ff2d3f9aaa29ff7edf557fa7a23515a3725", size = 2075254 },
    { url = "https://files.pythonhosted.org/packages/c2/5c/e3c77fae41862be1da966ca98eec7fbc07cdd0b00f8b3e1ef2a13eaa6cca/SQLAlchemy-2.0.38-cp312-cp312-win_amd64.whl", hash = "sha256:1052723e6cd95312f6a6eff9a279fd41bbae67633415373fdac3c430eca3425d", size = 2100865 },
    { url = "https://files.pythonhosted.org/packages/21/77/caa875a1f5a8a8980b564cc0e6fee1bc992d62d29101252561d0a5e9719c/SQLAlchemy-2.0.38-cp313-cp313-macosx_10_13_x86_64.whl", hash = "sha256:ecef029b69843b82048c5b347d8e6049356aa24ed644006c9a9d7098c3bd3bfd", size = 2100201 },
    { url = "https://files.pythonhosted.org/packages/f4/ec/94bb036ec78bf9a20f8010c807105da9152dd84f72e8c51681ad2f30b3fd/SQLAlchemy-2.0.38-cp313-cp313-macosx_11_0_arm64.whl", hash = "sha256:9c8bcad7fc12f0cc5896d8e10fdf703c45bd487294a986903fe032c72201596b", size = 2090678 },
    { url = "https://files.pythonhosted.org/packages/7b/61/63ff1893f146e34d3934c0860209fdd3925c25ee064330e6c2152bacc335/SQLAlchemy-2.0.38-cp313-cp313-manylinux_2_17_aarch64.manylinux2014_aarch64.whl", hash = "sha256:2a0ef3f98175d77180ffdc623d38e9f1736e8d86b6ba70bff182a7e68bed7727", size = 3177107 },
    { url = "https://files.pythonhosted.org/packages/a9/4f/b933bea41a602b5f274065cc824fae25780ed38664d735575192490a021b/SQLAlchemy-2.0.38-cp313-cp313-manylinux_2_17_x86_64.manylinux2014_x86_64.whl", hash = "sha256:8b0ac78898c50e2574e9f938d2e5caa8fe187d7a5b69b65faa1ea4648925b096", size = 3190435 },
    { url = "https://files.pythonhosted.org/packages/f5/23/9e654b4059e385988de08c5d3b38a369ea042f4c4d7c8902376fd737096a/SQLAlchemy-2.0.38-cp313-cp313-musllinux_1_2_aarch64.whl", hash = "sha256:9eb4fa13c8c7a2404b6a8e3772c17a55b1ba18bc711e25e4d6c0c9f5f541b02a", size = 3123648 },
    { url = "https://files.pythonhosted.org/packages/83/59/94c6d804e76ebc6412a08d2b086a8cb3e5a056cd61508e18ddaf3ec70100/SQLAlchemy-2.0.38-cp313-cp313-musllinux_1_2_x86_64.whl", hash = "sha256:5dba1cdb8f319084f5b00d41207b2079822aa8d6a4667c0f369fce85e34b0c86", size = 3151789 },
    { url = "https://files.pythonhosted.org/packages/b2/27/17f143013aabbe1256dce19061eafdce0b0142465ce32168cdb9a18c04b1/SQLAlchemy-2.0.38-cp313-cp313-win32.whl", hash = "sha256:eae27ad7580529a427cfdd52c87abb2dfb15ce2b7a3e0fc29fbb63e2ed6f8120", size = 2073023 },
    { url = "https://files.pythonhosted.org/packages/e2/3e/259404b03c3ed2e7eee4c179e001a07d9b61070334be91124cf4ad32eec7/SQLAlchemy-2.0.38-cp313-cp313-win_amd64.whl", hash = "sha256:b335a7c958bc945e10c522c069cd6e5804f4ff20f9a744dd38e748eb602cbbda", size = 2096908 },
    { url = "https://files.pythonhosted.org/packages/7a/c0/5d5b40989820eb8a3d05ca044d6ff81c423cae6bacd1f76e8f59aa6fa7bb/SQLAlchemy-2.0.38-cp39-cp39-macosx_10_9_x86_64.whl", hash = "sha256:07258341402a718f166618470cde0c34e4cec85a39767dce4e24f61ba5e667ea", size = 2108025 },
    { url = "https://files.pythonhosted.org/packages/f5/76/297c532ea77c90e858a2967ba8ed62e8d9c503edc968b0c875361631cf1f/SQLAlchemy-2.0.38-cp39-cp39-macosx_11_0_arm64.whl", hash = "sha256:0a826f21848632add58bef4f755a33d45105d25656a0c849f2dc2df1c71f6f50", size = 2099245 },
    { url = "https://files.pythonhosted.org/packages/41/f5/61a73cb8df1a4308f05d2a78e583863735167f66a1a3bea8e85a35effd7c/SQLAlchemy-2.0.38-cp39-cp39-manylinux_2_17_aarch64.manylinux2014_aarch64.whl", hash = "sha256:386b7d136919bb66ced64d2228b92d66140de5fefb3c7df6bd79069a269a7b06", size = 3093159 },
    { url = "https://files.pythonhosted.org/packages/7b/fe/43934748895becbcac4d173aaf6e05d3a35d683cdda4ced78acfd71706ed/SQLAlchemy-2.0.38-cp39-cp39-manylinux_2_17_x86_64.manylinux2014_x86_64.whl", hash = "sha256:2f2951dc4b4f990a4b394d6b382accb33141d4d3bd3ef4e2b27287135d6bdd68", size = 3100942 },
    { url = "https://files.pythonhosted.org/packages/40/18/79beffa9d7ffab30df7390fbe746dd485d2ea097eb460e37ff7d2e3d467d/SQLAlchemy-2.0.38-cp39-cp39-musllinux_1_2_aarch64.whl", hash = "sha256:8bf312ed8ac096d674c6aa9131b249093c1b37c35db6a967daa4c84746bc1bc9", size = 3059984 },
    { url = "https://files.pythonhosted.org/packages/ed/96/4c0e8e963688b200bee5f38c1ef948245ee9503a1419c0a1be35da543aff/SQLAlchemy-2.0.38-cp39-cp39-musllinux_1_2_x86_64.whl", hash = "sha256:6db316d6e340f862ec059dc12e395d71f39746a20503b124edc255973977b728", size = 3086499 },
    { url = "https://files.pythonhosted.org/packages/42/d5/20a6c93c50f6c6b388e8d85fbba1c960ae00ed820ec1a31ae58f35f62f74/SQLAlchemy-2.0.38-cp39-cp39-win32.whl", hash = "sha256:c09a6ea87658695e527104cf857c70f79f14e9484605e205217aae0ec27b45fc", size = 2079838 },
    { url = "https://files.pythonhosted.org/packages/24/2d/efbefd0b8206a3a811328bfa24ed3c96f7b0b6c3bfc5a2a29613e23a9d30/SQLAlchemy-2.0.38-cp39-cp39-win_amd64.whl", hash = "sha256:12f5c9ed53334c3ce719155424dc5407aaa4f6cadeb09c5b627e06abb93933a1", size = 2104028 },
    { url = "https://files.pythonhosted.org/packages/aa/e4/592120713a314621c692211eba034d09becaf6bc8848fabc1dc2a54d8c16/SQLAlchemy-2.0.38-py3-none-any.whl", hash = "sha256:63178c675d4c80def39f1febd625a6333f44c0ba269edd8a468b156394b27753", size = 1896347 },
]

[[package]]
name = "typing-extensions"
version = "4.12.2"
source = { registry = "https://pypi.org/simple" }
sdist = { url = "https://files.pythonhosted.org/packages/df/db/f35a00659bc03fec321ba8bce9420de607a1d37f8342eee1863174c69557/typing_extensions-4.12.2.tar.gz", hash = "sha256:1a7ead55c7e559dd4dee8856e3a88b41225abfe1ce8df57b7c13915fe121ffb8", size = 85321 }
wheels = [
    { url = "https://files.pythonhosted.org/packages/26/9f/ad63fc0248c5379346306f8668cda6e2e2e9c95e01216d2b8ffd9ff037d0/typing_extensions-4.12.2-py3-none-any.whl", hash = "sha256:04e5ca0351e0f3f85c6853954072df659d0d13fac324d0072316b67d7794700d", size = 37438 },
]
